
Microsoft Visual Studio Solution File, Format Version 12.00
# Visual Studio Version 17
VisualStudioVersion = 17.9.34607.119
MinimumVisualStudioVersion = 10.0.40219.1
Project("{9A19103F-16F7-4668-BE54-9A1E7A4F7556}") = "WorkTimeTracker.MVC", "src\WorkTimeTracker.MVC\WorkTimeTracker.MVC.csproj", "{6421EBA1-5D74-46A9-9FE7-F2D03AC28944}"
EndProject
Project("{9A19103F-16F7-4668-BE54-9A1E7A4F7556}") = "WorkTimeTracker.Application", "src\WorkTimeTracker.Application\WorkTimeTracker.Application.csproj", "{B1CB45DD-694D-4B93-BEA8-4B805CF4D9CD}"
EndProject
Project("{9A19103F-16F7-4668-BE54-9A1E7A4F7556}") = "WorkTimeTracker.Infrastructure", "src\WorkTimeTracker.Infrastructure\WorkTimeTracker.Infrastructure.csproj", "{DA816221-9B8F-44BE-9AEB-FFE5CE2BABAF}"
EndProject
Project("{E53339B2-1760-4266-BCC7-CA923CBCF16C}") = "docker-compose", "docker-compose.dcproj", "{F0E01B1C-3878-4E52-AFC1-2F053038805B}"
EndProject
Project("{9A19103F-16F7-4668-BE54-9A1E7A4F7556}") = "WorkTimeTracker.Domain", "src\WorkTimeTracker.Domain\WorkTimeTracker.Domain.csproj", "{BEE4237E-A393-40AD-B3ED-4323B0F66581}"
EndProject
Global
	GlobalSection(SolutionConfigurationPlatforms) = preSolution
		Debug|Any CPU = Debug|Any CPU
		Release|Any CPU = Release|Any CPU
	EndGlobalSection
	GlobalSection(ProjectConfigurationPlatforms) = postSolution
		{6421EBA1-5D74-46A9-9FE7-F2D03AC28944}.Debug|Any CPU.ActiveCfg = Debug|Any CPU
		{6421EBA1-5D74-46A9-9FE7-F2D03AC28944}.Debug|Any CPU.Build.0 = Debug|Any CPU
		{6421EBA1-5D74-46A9-9FE7-F2D03AC28944}.Release|Any CPU.ActiveCfg = Release|Any CPU
		{6421EBA1-5D74-46A9-9FE7-F2D03AC28944}.Release|Any CPU.Build.0 = Release|Any CPU
		{B1CB45DD-694D-4B93-BEA8-4B805CF4D9CD}.Debug|Any CPU.ActiveCfg = Debug|Any CPU
		{B1CB45DD-694D-4B93-BEA8-4B805CF4D9CD}.Debug|Any CPU.Build.0 = Debug|Any CPU
		{B1CB45DD-694D-4B93-BEA8-4B805CF4D9CD}.Release|Any CPU.ActiveCfg = Release|Any CPU
		{B1CB45DD-694D-4B93-BEA8-4B805CF4D9CD}.Release|Any CPU.Build.0 = Release|Any CPU
		{DA816221-9B8F-44BE-9AEB-FFE5CE2BABAF}.Debug|Any CPU.ActiveCfg = Debug|Any CPU
		{DA816221-9B8F-44BE-9AEB-FFE5CE2BABAF}.Debug|Any CPU.Build.0 = Debug|Any CPU
		{DA816221-9B8F-44BE-9AEB-FFE5CE2BABAF}.Release|Any CPU.ActiveCfg = Release|Any CPU
		{DA816221-9B8F-44BE-9AEB-FFE5CE2BABAF}.Release|Any CPU.Build.0 = Release|Any CPU
		{F0E01B1C-3878-4E52-AFC1-2F053038805B}.Debug|Any CPU.ActiveCfg = Debug|Any CPU
		{F0E01B1C-3878-4E52-AFC1-2F053038805B}.Debug|Any CPU.Build.0 = Debug|Any CPU
		{F0E01B1C-3878-4E52-AFC1-2F053038805B}.Release|Any CPU.ActiveCfg = Release|Any CPU
		{F0E01B1C-3878-4E52-AFC1-2F053038805B}.Release|Any CPU.Build.0 = Release|Any CPU
		{BEE4237E-A393-40AD-B3ED-4323B0F66581}.Debug|Any CPU.ActiveCfg = Debug|Any CPU
		{BEE4237E-A393-40AD-B3ED-4323B0F66581}.Debug|Any CPU.Build.0 = Debug|Any CPU
		{BEE4237E-A393-40AD-B3ED-4323B0F66581}.Release|Any CPU.ActiveCfg = Release|Any CPU
		{BEE4237E-A393-40AD-B3ED-4323B0F66581}.Release|Any CPU.Build.0 = Release|Any CPU
	EndGlobalSection
	GlobalSection(SolutionProperties) = preSolution
		HideSolutionNode = FALSE
	EndGlobalSection
	GlobalSection(ExtensibilityGlobals) = postSolution
		SolutionGuid = {FACF7DA6-B578-4A09-842B-746C668ED46C}
	EndGlobalSection
EndGlobal
