
Microsoft Visual Studio Solution File, Format Version 12.00
# Visual Studio Version 17
VisualStudioVersion = 17.9.34607.119
MinimumVisualStudioVersion = 10.0.40219.1
Project("{E53339B2-1760-4266-BCC7-CA923CBCF16C}") = "docker-compose", "src\docker-compose.dcproj", "{3E102DEC-8F76-421D-BCE8-4634CC6B7B50}"
EndProject
Project("{9A19103F-16F7-4668-BE54-9A1E7A4F7556}") = "WorkTimeTracker", "src\WorkTimeTracker\WorkTimeTracker.csproj", "{94B14A6F-F420-47A6-AAA7-212361A8D4E0}"
EndProject
Global
	GlobalSection(SolutionConfigurationPlatforms) = preSolution
		Debug|Any CPU = Debug|Any CPU
		Release|Any CPU = Release|Any CPU
	EndGlobalSection
	GlobalSection(ProjectConfigurationPlatforms) = postSolution
		{3E102DEC-8F76-421D-BCE8-4634CC6B7B50}.Debug|Any CPU.ActiveCfg = Debug|Any CPU
		{3E102DEC-8F76-421D-BCE8-4634CC6B7B50}.Debug|Any CPU.Build.0 = Debug|Any CPU
		{3E102DEC-8F76-421D-BCE8-4634CC6B7B50}.Release|Any CPU.ActiveCfg = Release|Any CPU
		{3E102DEC-8F76-421D-BCE8-4634CC6B7B50}.Release|Any CPU.Build.0 = Release|Any CPU
		{94B14A6F-F420-47A6-AAA7-212361A8D4E0}.Debug|Any CPU.ActiveCfg = Debug|Any CPU
		{94B14A6F-F420-47A6-AAA7-212361A8D4E0}.Debug|Any CPU.Build.0 = Debug|Any CPU
		{94B14A6F-F420-47A6-AAA7-212361A8D4E0}.Release|Any CPU.ActiveCfg = Release|Any CPU
		{94B14A6F-F420-47A6-AAA7-212361A8D4E0}.Release|Any CPU.Build.0 = Release|Any CPU
	EndGlobalSection
	GlobalSection(SolutionProperties) = preSolution
		HideSolutionNode = FALSE
	EndGlobalSection
	GlobalSection(ExtensibilityGlobals) = postSolution
		SolutionGuid = {FACF7DA6-B578-4A09-842B-746C668ED46C}
	EndGlobalSection
EndGlobal
